
Microsoft Visual Studio Solution File, Format Version 12.00
# Visual Studio Version 17
VisualStudioVersion = 17.9.34701.34
MinimumVisualStudioVersion = 10.0.40219.1
Project("{9A19103F-16F7-4668-BE54-9A1E7A4F7556}") = "InventoryManagement", "InventoryManagement\InventoryManagement.csproj", "{D348B7C7-BEBA-4B3C-8C32-A677FC8A199C}"
EndProject
Project("{00D1A9C2-B5F0-4AF3-8072-F6C62B433612}") = "InventoryManagementDB", "InventoryManagementDB\InventoryManagementDB.sqlproj", "{1042E702-52B5-49D4-A101-088FC1A3B66E}"
EndProject
Project("{FAE04EC0-301F-11D3-BF4B-00C04F79EFBC}") = "InventoryManagement.Tests", "InventoryManagement.Tests\InventoryManagement.Tests.csproj", "{2845276B-A2CE-45DC-A5AC-F05F597AE0A2}"
EndProject
Global
	GlobalSection(SolutionConfigurationPlatforms) = preSolution
		Debug|Any CPU = Debug|Any CPU
		Release|Any CPU = Release|Any CPU
	EndGlobalSection
	GlobalSection(ProjectConfigurationPlatforms) = postSolution
		{D348B7C7-BEBA-4B3C-8C32-A677FC8A199C}.Debug|Any CPU.ActiveCfg = Debug|Any CPU
		{D348B7C7-BEBA-4B3C-8C32-A677FC8A199C}.Debug|Any CPU.Build.0 = Debug|Any CPU
		{D348B7C7-BEBA-4B3C-8C32-A677FC8A199C}.Release|Any CPU.ActiveCfg = Release|Any CPU
		{D348B7C7-BEBA-4B3C-8C32-A677FC8A199C}.Release|Any CPU.Build.0 = Release|Any CPU
		{1042E702-52B5-49D4-A101-088FC1A3B66E}.Debug|Any CPU.ActiveCfg = Debug|Any CPU
		{1042E702-52B5-49D4-A101-088FC1A3B66E}.Debug|Any CPU.Deploy.0 = Debug|Any CPU
		{1042E702-52B5-49D4-A101-088FC1A3B66E}.Release|Any CPU.ActiveCfg = Release|Any CPU
		{1042E702-52B5-49D4-A101-088FC1A3B66E}.Release|Any CPU.Build.0 = Release|Any CPU
		{1042E702-52B5-49D4-A101-088FC1A3B66E}.Release|Any CPU.Deploy.0 = Release|Any CPU
		{2845276B-A2CE-45DC-A5AC-F05F597AE0A2}.Debug|Any CPU.ActiveCfg = Debug|Any CPU
		{2845276B-A2CE-45DC-A5AC-F05F597AE0A2}.Debug|Any CPU.Build.0 = Debug|Any CPU
		{2845276B-A2CE-45DC-A5AC-F05F597AE0A2}.Release|Any CPU.ActiveCfg = Release|Any CPU
		{2845276B-A2CE-45DC-A5AC-F05F597AE0A2}.Release|Any CPU.Build.0 = Release|Any CPU
	EndGlobalSection
	GlobalSection(SolutionProperties) = preSolution
		HideSolutionNode = FALSE
	EndGlobalSection
	GlobalSection(ExtensibilityGlobals) = postSolution
		SolutionGuid = {514FE53E-D288-4A73-8D09-72749CD3CF68}
	EndGlobalSection
EndGlobal
